// !$*UTF8*$!
{
	archiveVersion = 1;
	classes = {
	};
	objectVersion = 50;
	objects = {

/* Begin PBXBuildFile section */
		0DD2B2C240FF657000D04E16 /* Pods_ProvINS.framework in Frameworks */ = {isa = PBXBuildFile; fileRef = 0209769C9D8FB882BD0760CA /* Pods_ProvINS.framework */; };
		40451D2923369FB1004C6570 /* BoundingBoxView.swift in Sources */ = {isa = PBXBuildFile; fileRef = 40451D2823369FB1004C6570 /* BoundingBoxView.swift */; };
		40451D2B2336A091004C6570 /* MobileNetV2_SSDLite.mlmodel in Sources */ = {isa = PBXBuildFile; fileRef = 40451D2A2336A091004C6570 /* MobileNetV2_SSDLite.mlmodel */; };
		40451D2D2336A0B6004C6570 /* VideoCapture.swift in Sources */ = {isa = PBXBuildFile; fileRef = 40451D2C2336A0B6004C6570 /* VideoCapture.swift */; };
		40451D2F2336B6AD004C6570 /* loginViewController.swift in Sources */ = {isa = PBXBuildFile; fileRef = 40451D2E2336B6AD004C6570 /* loginViewController.swift */; };
		406127E3233746310056C293 /* testlottieViewController.swift in Sources */ = {isa = PBXBuildFile; fileRef = 406127E2233746310056C293 /* testlottieViewController.swift */; };
		406127E523375D4C0056C293 /* HomeViewController.swift in Sources */ = {isa = PBXBuildFile; fileRef = 406127E423375D4C0056C293 /* HomeViewController.swift */; };
		406127E9233762750056C293 /* data.json in Resources */ = {isa = PBXBuildFile; fileRef = 406127E8233762740056C293 /* data.json */; };
		406127F22337771D0056C293 /* WifiViewController.swift in Sources */ = {isa = PBXBuildFile; fileRef = 406127F12337771D0056C293 /* WifiViewController.swift */; };
		406127F4233777290056C293 /* CameraViewController.swift in Sources */ = {isa = PBXBuildFile; fileRef = 406127F3233777290056C293 /* CameraViewController.swift */; };
		406127F6233777340056C293 /* BluetoothViewController.swift in Sources */ = {isa = PBXBuildFile; fileRef = 406127F5233777340056C293 /* BluetoothViewController.swift */; };
		406127F823377FB30056C293 /* WifiTableViewCell.swift in Sources */ = {isa = PBXBuildFile; fileRef = 406127F723377FB30056C293 /* WifiTableViewCell.swift */; };
		406127FA23377FCB0056C293 /* BluetoothTableViewCell.swift in Sources */ = {isa = PBXBuildFile; fileRef = 406127F923377FCB0056C293 /* BluetoothTableViewCell.swift */; };
		407326252336BCAD00900824 /* SF-Pro-Display-Thin.otf in Resources */ = {isa = PBXBuildFile; fileRef = 407326072336BCAD00900824 /* SF-Pro-Display-Thin.otf */; };
		407326262336BCAD00900824 /* SF-Pro-Display-SemiboldItalic.otf in Resources */ = {isa = PBXBuildFile; fileRef = 407326082336BCAD00900824 /* SF-Pro-Display-SemiboldItalic.otf */; };
		407326272336BCAD00900824 /* SF-Pro-Text-Heavy.otf in Resources */ = {isa = PBXBuildFile; fileRef = 407326092336BCAD00900824 /* SF-Pro-Text-Heavy.otf */; };
		407326282336BCAD00900824 /* SF-Pro-Display-RegularItalic.otf in Resources */ = {isa = PBXBuildFile; fileRef = 4073260A2336BCAD00900824 /* SF-Pro-Display-RegularItalic.otf */; };
		407326292336BCAD00900824 /* SF-Pro-Display-Light.otf in Resources */ = {isa = PBXBuildFile; fileRef = 4073260B2336BCAD00900824 /* SF-Pro-Display-Light.otf */; };
		4073262A2336BCAD00900824 /* SF-Pro-Display-Regular.otf in Resources */ = {isa = PBXBuildFile; fileRef = 4073260C2336BCAD00900824 /* SF-Pro-Display-Regular.otf */; };
		4073262B2336BCAD00900824 /* SF-Pro-Text-MediumItalic.otf in Resources */ = {isa = PBXBuildFile; fileRef = 4073260D2336BCAD00900824 /* SF-Pro-Text-MediumItalic.otf */; };
		4073262C2336BCAD00900824 /* SF-Pro-Display-Bold.otf in Resources */ = {isa = PBXBuildFile; fileRef = 4073260E2336BCAD00900824 /* SF-Pro-Display-Bold.otf */; };
		4073262D2336BCAD00900824 /* SF-Pro-Display-Medium.otf in Resources */ = {isa = PBXBuildFile; fileRef = 4073260F2336BCAD00900824 /* SF-Pro-Display-Medium.otf */; };
		4073262E2336BCAD00900824 /* SF-Pro-Display-Heavy.otf in Resources */ = {isa = PBXBuildFile; fileRef = 407326102336BCAD00900824 /* SF-Pro-Display-Heavy.otf */; };
		4073262F2336BCAD00900824 /* SF-Pro-Text-Light.otf in Resources */ = {isa = PBXBuildFile; fileRef = 407326112336BCAD00900824 /* SF-Pro-Text-Light.otf */; };
		407326302336BCAD00900824 /* SF-Pro-Display-Semibold.otf in Resources */ = {isa = PBXBuildFile; fileRef = 407326122336BCAD00900824 /* SF-Pro-Display-Semibold.otf */; };
		407326312336BCAD00900824 /* SF-Pro-Text-Regular.otf in Resources */ = {isa = PBXBuildFile; fileRef = 407326132336BCAD00900824 /* SF-Pro-Text-Regular.otf */; };
		407326322336BCAD00900824 /* SF-Pro-Text-Bold.otf in Resources */ = {isa = PBXBuildFile; fileRef = 407326142336BCAD00900824 /* SF-Pro-Text-Bold.otf */; };
		407326332336BCAD00900824 /* SF-Pro-Display-MediumItalic.otf in Resources */ = {isa = PBXBuildFile; fileRef = 407326152336BCAD00900824 /* SF-Pro-Display-MediumItalic.otf */; };
		407326342336BCAD00900824 /* SF-Pro-Display-HeavyItalic.otf in Resources */ = {isa = PBXBuildFile; fileRef = 407326162336BCAD00900824 /* SF-Pro-Display-HeavyItalic.otf */; };
		407326352336BCAD00900824 /* SF-Pro-Display-Ultralight.otf in Resources */ = {isa = PBXBuildFile; fileRef = 407326172336BCAD00900824 /* SF-Pro-Display-Ultralight.otf */; };
		407326362336BCAD00900824 /* SF-Pro-Display-UltralightItalic.otf in Resources */ = {isa = PBXBuildFile; fileRef = 407326182336BCAD00900824 /* SF-Pro-Display-UltralightItalic.otf */; };
		407326372336BCAD00900824 /* SF-Pro-Display-LightItalic.otf in Resources */ = {isa = PBXBuildFile; fileRef = 407326192336BCAD00900824 /* SF-Pro-Display-LightItalic.otf */; };
		407326382336BCAD00900824 /* SF-Pro-Display-BlackItalic.otf in Resources */ = {isa = PBXBuildFile; fileRef = 4073261A2336BCAD00900824 /* SF-Pro-Display-BlackItalic.otf */; };
		407326392336BCAD00900824 /* SF-Pro-Display-Black.otf in Resources */ = {isa = PBXBuildFile; fileRef = 4073261B2336BCAD00900824 /* SF-Pro-Display-Black.otf */; };
		4073263A2336BCAD00900824 /* SF-Pro-Text-BoldItalic.otf in Resources */ = {isa = PBXBuildFile; fileRef = 4073261C2336BCAD00900824 /* SF-Pro-Text-BoldItalic.otf */; };
		4073263B2336BCAD00900824 /* SF-Pro-Text-RegularItalic.otf in Resources */ = {isa = PBXBuildFile; fileRef = 4073261D2336BCAD00900824 /* SF-Pro-Text-RegularItalic.otf */; };
		4073263C2336BCAD00900824 /* SF-Pro-Text-Semibold.otf in Resources */ = {isa = PBXBuildFile; fileRef = 4073261E2336BCAD00900824 /* SF-Pro-Text-Semibold.otf */; };
		4073263D2336BCAD00900824 /* SF-Pro-Text-HeavyItalic.otf in Resources */ = {isa = PBXBuildFile; fileRef = 4073261F2336BCAD00900824 /* SF-Pro-Text-HeavyItalic.otf */; };
		4073263E2336BCAD00900824 /* SF-Pro-Display-ThinItalic.otf in Resources */ = {isa = PBXBuildFile; fileRef = 407326202336BCAD00900824 /* SF-Pro-Display-ThinItalic.otf */; };
		4073263F2336BCAD00900824 /* SF-Pro-Text-LightItalic.otf in Resources */ = {isa = PBXBuildFile; fileRef = 407326212336BCAD00900824 /* SF-Pro-Text-LightItalic.otf */; };
		407326402336BCAD00900824 /* SF-Pro-Text-Medium.otf in Resources */ = {isa = PBXBuildFile; fileRef = 407326222336BCAD00900824 /* SF-Pro-Text-Medium.otf */; };
		407326412336BCAD00900824 /* SF-Pro-Display-BoldItalic.otf in Resources */ = {isa = PBXBuildFile; fileRef = 407326232336BCAD00900824 /* SF-Pro-Display-BoldItalic.otf */; };
		407326422336BCAD00900824 /* SF-Pro-Text-SemiboldItalic.otf in Resources */ = {isa = PBXBuildFile; fileRef = 407326242336BCAD00900824 /* SF-Pro-Text-SemiboldItalic.otf */; };
		407326442336CB6800900824 /* Helper+Extensions.swift in Sources */ = {isa = PBXBuildFile; fileRef = 407326432336CB6800900824 /* Helper+Extensions.swift */; };
		407326462336EA1D00900824 /* SignUpViewController.swift in Sources */ = {isa = PBXBuildFile; fileRef = 407326452336EA1D00900824 /* SignUpViewController.swift */; };
		407326482337193400900824 /* Private+variables.swift in Sources */ = {isa = PBXBuildFile; fileRef = 407326472337193400900824 /* Private+variables.swift */; };
		4073264A23371D2F00900824 /* ProvinsAlertViewController.swift in Sources */ = {isa = PBXBuildFile; fileRef = 4073264923371D2F00900824 /* ProvinsAlertViewController.swift */; };
		4073265023372AAB00900824 /* Montserrat-Light.ttf in Resources */ = {isa = PBXBuildFile; fileRef = 4073264B23372AAA00900824 /* Montserrat-Light.ttf */; };
		4073265123372AAB00900824 /* Montserrat-Bold.ttf in Resources */ = {isa = PBXBuildFile; fileRef = 4073264C23372AAB00900824 /* Montserrat-Bold.ttf */; };
		4073265223372AAB00900824 /* Montserrat-Regular.ttf in Resources */ = {isa = PBXBuildFile; fileRef = 4073264D23372AAB00900824 /* Montserrat-Regular.ttf */; };
		4073265323372AAB00900824 /* Montserrat-Italic.ttf in Resources */ = {isa = PBXBuildFile; fileRef = 4073264E23372AAB00900824 /* Montserrat-Italic.ttf */; };
		4073265423372AAB00900824 /* Montserrat-SemiBold.ttf in Resources */ = {isa = PBXBuildFile; fileRef = 4073264F23372AAB00900824 /* Montserrat-SemiBold.ttf */; };
		40C4F18B233693A700FFD40E /* testCoreMLViewController.swift in Sources */ = {isa = PBXBuildFile; fileRef = 40C4F18A233693A700FFD40E /* testCoreMLViewController.swift */; };
		40CE26C42335E7FA002DAED2 /* AppDelegate.swift in Sources */ = {isa = PBXBuildFile; fileRef = 40CE26C32335E7FA002DAED2 /* AppDelegate.swift */; };
		40CE26C92335E7FA002DAED2 /* Main.storyboard in Resources */ = {isa = PBXBuildFile; fileRef = 40CE26C72335E7FA002DAED2 /* Main.storyboard */; };
		40CE26CB2335E7FC002DAED2 /* Assets.xcassets in Resources */ = {isa = PBXBuildFile; fileRef = 40CE26CA2335E7FC002DAED2 /* Assets.xcassets */; };
		40CE26CE2335E7FC002DAED2 /* LaunchScreen.storyboard in Resources */ = {isa = PBXBuildFile; fileRef = 40CE26CC2335E7FC002DAED2 /* LaunchScreen.storyboard */; };
		40CE26DA2335EB7A002DAED2 /* UserModel.swift in Sources */ = {isa = PBXBuildFile; fileRef = 40CE26D92335EB7A002DAED2 /* UserModel.swift */; };
		40CE26DC2335EC29002DAED2 /* CardModel.swift in Sources */ = {isa = PBXBuildFile; fileRef = 40CE26DB2335EC29002DAED2 /* CardModel.swift */; };
		40CE26DF2335F0AB002DAED2 /* ServerCall.swift in Sources */ = {isa = PBXBuildFile; fileRef = 40CE26DE2335F0AB002DAED2 /* ServerCall.swift */; };
		40CE26E12335F2E7002DAED2 /* ProvinsError.swift in Sources */ = {isa = PBXBuildFile; fileRef = 40CE26E02335F2E7002DAED2 /* ProvinsError.swift */; };
		40CE26E32335F2FE002DAED2 /* SignUpService.swift in Sources */ = {isa = PBXBuildFile; fileRef = 40CE26E22335F2FE002DAED2 /* SignUpService.swift */; };
		40CE26E52335F316002DAED2 /* loginService.swift in Sources */ = {isa = PBXBuildFile; fileRef = 40CE26E42335F316002DAED2 /* loginService.swift */; };
		40CE26E72335F31F002DAED2 /* CardService.swift in Sources */ = {isa = PBXBuildFile; fileRef = 40CE26E62335F31F002DAED2 /* CardService.swift */; };
		40CE26E923364084002DAED2 /* testNSViewController.swift in Sources */ = {isa = PBXBuildFile; fileRef = 40CE26E823364084002DAED2 /* testNSViewController.swift */; };
/* End PBXBuildFile section */

/* Begin PBXFileReference section */
		0209769C9D8FB882BD0760CA /* Pods_ProvINS.framework */ = {isa = PBXFileReference; explicitFileType = wrapper.framework; includeInIndex = 0; path = Pods_ProvINS.framework; sourceTree = BUILT_PRODUCTS_DIR; };
		40451D2823369FB1004C6570 /* BoundingBoxView.swift */ = {isa = PBXFileReference; lastKnownFileType = sourcecode.swift; path = BoundingBoxView.swift; sourceTree = "<group>"; };
		40451D2A2336A091004C6570 /* MobileNetV2_SSDLite.mlmodel */ = {isa = PBXFileReference; lastKnownFileType = file.mlmodel; path = MobileNetV2_SSDLite.mlmodel; sourceTree = "<group>"; };
		40451D2C2336A0B6004C6570 /* VideoCapture.swift */ = {isa = PBXFileReference; lastKnownFileType = sourcecode.swift; path = VideoCapture.swift; sourceTree = "<group>"; };
		40451D2E2336B6AD004C6570 /* loginViewController.swift */ = {isa = PBXFileReference; lastKnownFileType = sourcecode.swift; path = loginViewController.swift; sourceTree = "<group>"; };
		406127E2233746310056C293 /* testlottieViewController.swift */ = {isa = PBXFileReference; lastKnownFileType = sourcecode.swift; path = testlottieViewController.swift; sourceTree = "<group>"; };
		406127E423375D4C0056C293 /* HomeViewController.swift */ = {isa = PBXFileReference; lastKnownFileType = sourcecode.swift; path = HomeViewController.swift; sourceTree = "<group>"; };
		406127E8233762740056C293 /* data.json */ = {isa = PBXFileReference; fileEncoding = 4; lastKnownFileType = text.json; path = data.json; sourceTree = "<group>"; };
		406127F12337771D0056C293 /* WifiViewController.swift */ = {isa = PBXFileReference; lastKnownFileType = sourcecode.swift; path = WifiViewController.swift; sourceTree = "<group>"; };
		406127F3233777290056C293 /* CameraViewController.swift */ = {isa = PBXFileReference; lastKnownFileType = sourcecode.swift; path = CameraViewController.swift; sourceTree = "<group>"; };
		406127F5233777340056C293 /* BluetoothViewController.swift */ = {isa = PBXFileReference; lastKnownFileType = sourcecode.swift; path = BluetoothViewController.swift; sourceTree = "<group>"; };
		406127F723377FB30056C293 /* WifiTableViewCell.swift */ = {isa = PBXFileReference; lastKnownFileType = sourcecode.swift; path = WifiTableViewCell.swift; sourceTree = "<group>"; };
		406127F923377FCB0056C293 /* BluetoothTableViewCell.swift */ = {isa = PBXFileReference; lastKnownFileType = sourcecode.swift; path = BluetoothTableViewCell.swift; sourceTree = "<group>"; };
		407326072336BCAD00900824 /* SF-Pro-Display-Thin.otf */ = {isa = PBXFileReference; lastKnownFileType = file; path = "SF-Pro-Display-Thin.otf"; sourceTree = "<group>"; };
		407326082336BCAD00900824 /* SF-Pro-Display-SemiboldItalic.otf */ = {isa = PBXFileReference; lastKnownFileType = file; path = "SF-Pro-Display-SemiboldItalic.otf"; sourceTree = "<group>"; };
		407326092336BCAD00900824 /* SF-Pro-Text-Heavy.otf */ = {isa = PBXFileReference; lastKnownFileType = file; path = "SF-Pro-Text-Heavy.otf"; sourceTree = "<group>"; };
		4073260A2336BCAD00900824 /* SF-Pro-Display-RegularItalic.otf */ = {isa = PBXFileReference; lastKnownFileType = file; path = "SF-Pro-Display-RegularItalic.otf"; sourceTree = "<group>"; };
		4073260B2336BCAD00900824 /* SF-Pro-Display-Light.otf */ = {isa = PBXFileReference; lastKnownFileType = file; path = "SF-Pro-Display-Light.otf"; sourceTree = "<group>"; };
		4073260C2336BCAD00900824 /* SF-Pro-Display-Regular.otf */ = {isa = PBXFileReference; lastKnownFileType = file; path = "SF-Pro-Display-Regular.otf"; sourceTree = "<group>"; };
		4073260D2336BCAD00900824 /* SF-Pro-Text-MediumItalic.otf */ = {isa = PBXFileReference; lastKnownFileType = file; path = "SF-Pro-Text-MediumItalic.otf"; sourceTree = "<group>"; };
		4073260E2336BCAD00900824 /* SF-Pro-Display-Bold.otf */ = {isa = PBXFileReference; lastKnownFileType = file; path = "SF-Pro-Display-Bold.otf"; sourceTree = "<group>"; };
		4073260F2336BCAD00900824 /* SF-Pro-Display-Medium.otf */ = {isa = PBXFileReference; lastKnownFileType = file; path = "SF-Pro-Display-Medium.otf"; sourceTree = "<group>"; };
		407326102336BCAD00900824 /* SF-Pro-Display-Heavy.otf */ = {isa = PBXFileReference; lastKnownFileType = file; path = "SF-Pro-Display-Heavy.otf"; sourceTree = "<group>"; };
		407326112336BCAD00900824 /* SF-Pro-Text-Light.otf */ = {isa = PBXFileReference; lastKnownFileType = file; path = "SF-Pro-Text-Light.otf"; sourceTree = "<group>"; };
		407326122336BCAD00900824 /* SF-Pro-Display-Semibold.otf */ = {isa = PBXFileReference; lastKnownFileType = file; path = "SF-Pro-Display-Semibold.otf"; sourceTree = "<group>"; };
		407326132336BCAD00900824 /* SF-Pro-Text-Regular.otf */ = {isa = PBXFileReference; lastKnownFileType = file; path = "SF-Pro-Text-Regular.otf"; sourceTree = "<group>"; };
		407326142336BCAD00900824 /* SF-Pro-Text-Bold.otf */ = {isa = PBXFileReference; lastKnownFileType = file; path = "SF-Pro-Text-Bold.otf"; sourceTree = "<group>"; };
		407326152336BCAD00900824 /* SF-Pro-Display-MediumItalic.otf */ = {isa = PBXFileReference; lastKnownFileType = file; path = "SF-Pro-Display-MediumItalic.otf"; sourceTree = "<group>"; };
		407326162336BCAD00900824 /* SF-Pro-Display-HeavyItalic.otf */ = {isa = PBXFileReference; lastKnownFileType = file; path = "SF-Pro-Display-HeavyItalic.otf"; sourceTree = "<group>"; };
		407326172336BCAD00900824 /* SF-Pro-Display-Ultralight.otf */ = {isa = PBXFileReference; lastKnownFileType = file; path = "SF-Pro-Display-Ultralight.otf"; sourceTree = "<group>"; };
		407326182336BCAD00900824 /* SF-Pro-Display-UltralightItalic.otf */ = {isa = PBXFileReference; lastKnownFileType = file; path = "SF-Pro-Display-UltralightItalic.otf"; sourceTree = "<group>"; };
		407326192336BCAD00900824 /* SF-Pro-Display-LightItalic.otf */ = {isa = PBXFileReference; lastKnownFileType = file; path = "SF-Pro-Display-LightItalic.otf"; sourceTree = "<group>"; };
		4073261A2336BCAD00900824 /* SF-Pro-Display-BlackItalic.otf */ = {isa = PBXFileReference; lastKnownFileType = file; path = "SF-Pro-Display-BlackItalic.otf"; sourceTree = "<group>"; };
		4073261B2336BCAD00900824 /* SF-Pro-Display-Black.otf */ = {isa = PBXFileReference; lastKnownFileType = file; path = "SF-Pro-Display-Black.otf"; sourceTree = "<group>"; };
		4073261C2336BCAD00900824 /* SF-Pro-Text-BoldItalic.otf */ = {isa = PBXFileReference; lastKnownFileType = file; path = "SF-Pro-Text-BoldItalic.otf"; sourceTree = "<group>"; };
		4073261D2336BCAD00900824 /* SF-Pro-Text-RegularItalic.otf */ = {isa = PBXFileReference; lastKnownFileType = file; path = "SF-Pro-Text-RegularItalic.otf"; sourceTree = "<group>"; };
		4073261E2336BCAD00900824 /* SF-Pro-Text-Semibold.otf */ = {isa = PBXFileReference; lastKnownFileType = file; path = "SF-Pro-Text-Semibold.otf"; sourceTree = "<group>"; };
		4073261F2336BCAD00900824 /* SF-Pro-Text-HeavyItalic.otf */ = {isa = PBXFileReference; lastKnownFileType = file; path = "SF-Pro-Text-HeavyItalic.otf"; sourceTree = "<group>"; };
		407326202336BCAD00900824 /* SF-Pro-Display-ThinItalic.otf */ = {isa = PBXFileReference; lastKnownFileType = file; path = "SF-Pro-Display-ThinItalic.otf"; sourceTree = "<group>"; };
		407326212336BCAD00900824 /* SF-Pro-Text-LightItalic.otf */ = {isa = PBXFileReference; lastKnownFileType = file; path = "SF-Pro-Text-LightItalic.otf"; sourceTree = "<group>"; };
		407326222336BCAD00900824 /* SF-Pro-Text-Medium.otf */ = {isa = PBXFileReference; lastKnownFileType = file; path = "SF-Pro-Text-Medium.otf"; sourceTree = "<group>"; };
		407326232336BCAD00900824 /* SF-Pro-Display-BoldItalic.otf */ = {isa = PBXFileReference; lastKnownFileType = file; path = "SF-Pro-Display-BoldItalic.otf"; sourceTree = "<group>"; };
		407326242336BCAD00900824 /* SF-Pro-Text-SemiboldItalic.otf */ = {isa = PBXFileReference; lastKnownFileType = file; path = "SF-Pro-Text-SemiboldItalic.otf"; sourceTree = "<group>"; };
		407326432336CB6800900824 /* Helper+Extensions.swift */ = {isa = PBXFileReference; lastKnownFileType = sourcecode.swift; path = "Helper+Extensions.swift"; sourceTree = "<group>"; };
		407326452336EA1D00900824 /* SignUpViewController.swift */ = {isa = PBXFileReference; lastKnownFileType = sourcecode.swift; path = SignUpViewController.swift; sourceTree = "<group>"; };
		407326472337193400900824 /* Private+variables.swift */ = {isa = PBXFileReference; lastKnownFileType = sourcecode.swift; path = "Private+variables.swift"; sourceTree = "<group>"; };
		4073264923371D2F00900824 /* ProvinsAlertViewController.swift */ = {isa = PBXFileReference; lastKnownFileType = sourcecode.swift; path = ProvinsAlertViewController.swift; sourceTree = "<group>"; };
		4073264B23372AAA00900824 /* Montserrat-Light.ttf */ = {isa = PBXFileReference; lastKnownFileType = file; path = "Montserrat-Light.ttf"; sourceTree = "<group>"; };
		4073264C23372AAB00900824 /* Montserrat-Bold.ttf */ = {isa = PBXFileReference; lastKnownFileType = file; path = "Montserrat-Bold.ttf"; sourceTree = "<group>"; };
		4073264D23372AAB00900824 /* Montserrat-Regular.ttf */ = {isa = PBXFileReference; lastKnownFileType = file; path = "Montserrat-Regular.ttf"; sourceTree = "<group>"; };
		4073264E23372AAB00900824 /* Montserrat-Italic.ttf */ = {isa = PBXFileReference; lastKnownFileType = file; path = "Montserrat-Italic.ttf"; sourceTree = "<group>"; };
		4073264F23372AAB00900824 /* Montserrat-SemiBold.ttf */ = {isa = PBXFileReference; lastKnownFileType = file; path = "Montserrat-SemiBold.ttf"; sourceTree = "<group>"; };
		40C4F18A233693A700FFD40E /* testCoreMLViewController.swift */ = {isa = PBXFileReference; lastKnownFileType = sourcecode.swift; path = testCoreMLViewController.swift; sourceTree = "<group>"; };
		40CE26C02335E7FA002DAED2 /* ProvINS.app */ = {isa = PBXFileReference; explicitFileType = wrapper.application; includeInIndex = 0; path = ProvINS.app; sourceTree = BUILT_PRODUCTS_DIR; };
		40CE26C32335E7FA002DAED2 /* AppDelegate.swift */ = {isa = PBXFileReference; lastKnownFileType = sourcecode.swift; path = AppDelegate.swift; sourceTree = "<group>"; };
		40CE26C82335E7FA002DAED2 /* Base */ = {isa = PBXFileReference; lastKnownFileType = file.storyboard; name = Base; path = Base.lproj/Main.storyboard; sourceTree = "<group>"; };
		40CE26CA2335E7FC002DAED2 /* Assets.xcassets */ = {isa = PBXFileReference; lastKnownFileType = folder.assetcatalog; path = Assets.xcassets; sourceTree = "<group>"; };
		40CE26CD2335E7FC002DAED2 /* Base */ = {isa = PBXFileReference; lastKnownFileType = file.storyboard; name = Base; path = Base.lproj/LaunchScreen.storyboard; sourceTree = "<group>"; };
		40CE26CF2335E7FC002DAED2 /* Info.plist */ = {isa = PBXFileReference; lastKnownFileType = text.plist.xml; path = Info.plist; sourceTree = "<group>"; };
		40CE26D92335EB7A002DAED2 /* UserModel.swift */ = {isa = PBXFileReference; lastKnownFileType = sourcecode.swift; path = UserModel.swift; sourceTree = "<group>"; };
		40CE26DB2335EC29002DAED2 /* CardModel.swift */ = {isa = PBXFileReference; lastKnownFileType = sourcecode.swift; path = CardModel.swift; sourceTree = "<group>"; };
		40CE26DE2335F0AB002DAED2 /* ServerCall.swift */ = {isa = PBXFileReference; lastKnownFileType = sourcecode.swift; path = ServerCall.swift; sourceTree = "<group>"; };
		40CE26E02335F2E7002DAED2 /* ProvinsError.swift */ = {isa = PBXFileReference; lastKnownFileType = sourcecode.swift; path = ProvinsError.swift; sourceTree = "<group>"; };
		40CE26E22335F2FE002DAED2 /* SignUpService.swift */ = {isa = PBXFileReference; lastKnownFileType = sourcecode.swift; path = SignUpService.swift; sourceTree = "<group>"; };
		40CE26E42335F316002DAED2 /* loginService.swift */ = {isa = PBXFileReference; lastKnownFileType = sourcecode.swift; path = loginService.swift; sourceTree = "<group>"; };
		40CE26E62335F31F002DAED2 /* CardService.swift */ = {isa = PBXFileReference; lastKnownFileType = sourcecode.swift; path = CardService.swift; sourceTree = "<group>"; };
		40CE26E823364084002DAED2 /* testNSViewController.swift */ = {isa = PBXFileReference; lastKnownFileType = sourcecode.swift; path = testNSViewController.swift; sourceTree = "<group>"; };
		4EAFBAF0EB362545A0AD1BDE /* Pods-ProvINS.release.xcconfig */ = {isa = PBXFileReference; includeInIndex = 1; lastKnownFileType = text.xcconfig; name = "Pods-ProvINS.release.xcconfig"; path = "Target Support Files/Pods-ProvINS/Pods-ProvINS.release.xcconfig"; sourceTree = "<group>"; };
		CF2A02DFFB96DD5E04467F63 /* Pods-ProvINS.debug.xcconfig */ = {isa = PBXFileReference; includeInIndex = 1; lastKnownFileType = text.xcconfig; name = "Pods-ProvINS.debug.xcconfig"; path = "Target Support Files/Pods-ProvINS/Pods-ProvINS.debug.xcconfig"; sourceTree = "<group>"; };
/* End PBXFileReference section */

/* Begin PBXFrameworksBuildPhase section */
		40CE26BD2335E7FA002DAED2 /* Frameworks */ = {
			isa = PBXFrameworksBuildPhase;
			buildActionMask = 2147483647;
			files = (
				0DD2B2C240FF657000D04E16 /* Pods_ProvINS.framework in Frameworks */,
			);
			runOnlyForDeploymentPostprocessing = 0;
		};
/* End PBXFrameworksBuildPhase section */

/* Begin PBXGroup section */
		40451D2523369D6C004C6570 /* MLModel */ = {
			isa = PBXGroup;
			children = (
				40451D2A2336A091004C6570 /* MobileNetV2_SSDLite.mlmodel */,
			);
			path = MLModel;
			sourceTree = "<group>";
		};
		406127DF23373F4C0056C293 /* Animations */ = {
			isa = PBXGroup;
			children = (
				406127E8233762740056C293 /* data.json */,
			);
			path = Animations;
			sourceTree = "<group>";
		};
		406127EE23376D510056C293 /* Test ViewControllers */ = {
			isa = PBXGroup;
			children = (
				406127E2233746310056C293 /* testlottieViewController.swift */,
				40CE26E823364084002DAED2 /* testNSViewController.swift */,
				40C4F18A233693A700FFD40E /* testCoreMLViewController.swift */,
			);
			path = "Test ViewControllers";
			sourceTree = "<group>";
		};
		406127EF23376D640056C293 /* Reg ViewControllers */ = {
			isa = PBXGroup;
			children = (
				40451D2E2336B6AD004C6570 /* loginViewController.swift */,
				407326452336EA1D00900824 /* SignUpViewController.swift */,
			);
			path = "Reg ViewControllers";
			sourceTree = "<group>";
		};
		406127F023376D870056C293 /* Main ViewControllers */ = {
			isa = PBXGroup;
			children = (
				406127E423375D4C0056C293 /* HomeViewController.swift */,
				406127F12337771D0056C293 /* WifiViewController.swift */,
				406127F3233777290056C293 /* CameraViewController.swift */,
				406127F5233777340056C293 /* BluetoothViewController.swift */,
				406127FB2337862E0056C293 /* TableView Cells */,
			);
			path = "Main ViewControllers";
			sourceTree = "<group>";
		};
		406127FB2337862E0056C293 /* TableView Cells */ = {
			isa = PBXGroup;
			children = (
				406127F723377FB30056C293 /* WifiTableViewCell.swift */,
				406127F923377FCB0056C293 /* BluetoothTableViewCell.swift */,
			);
			path = "TableView Cells";
			sourceTree = "<group>";
		};
		407326052336BCAD00900824 /* Fonts */ = {
			isa = PBXGroup;
			children = (
				407326062336BCAD00900824 /* SF Pro */,
			);
			path = Fonts;
			sourceTree = "<group>";
		};
		407326062336BCAD00900824 /* SF Pro */ = {
			isa = PBXGroup;
			children = (
				407326072336BCAD00900824 /* SF-Pro-Display-Thin.otf */,
				407326082336BCAD00900824 /* SF-Pro-Display-SemiboldItalic.otf */,
				407326092336BCAD00900824 /* SF-Pro-Text-Heavy.otf */,
				4073260A2336BCAD00900824 /* SF-Pro-Display-RegularItalic.otf */,
				4073260B2336BCAD00900824 /* SF-Pro-Display-Light.otf */,
				4073260C2336BCAD00900824 /* SF-Pro-Display-Regular.otf */,
				4073260D2336BCAD00900824 /* SF-Pro-Text-MediumItalic.otf */,
				4073260E2336BCAD00900824 /* SF-Pro-Display-Bold.otf */,
				4073260F2336BCAD00900824 /* SF-Pro-Display-Medium.otf */,
				407326102336BCAD00900824 /* SF-Pro-Display-Heavy.otf */,
				407326112336BCAD00900824 /* SF-Pro-Text-Light.otf */,
				407326122336BCAD00900824 /* SF-Pro-Display-Semibold.otf */,
				407326132336BCAD00900824 /* SF-Pro-Text-Regular.otf */,
				407326142336BCAD00900824 /* SF-Pro-Text-Bold.otf */,
				4073264C23372AAB00900824 /* Montserrat-Bold.ttf */,
				4073264E23372AAB00900824 /* Montserrat-Italic.ttf */,
				4073264B23372AAA00900824 /* Montserrat-Light.ttf */,
				4073264D23372AAB00900824 /* Montserrat-Regular.ttf */,
				4073264F23372AAB00900824 /* Montserrat-SemiBold.ttf */,
				407326152336BCAD00900824 /* SF-Pro-Display-MediumItalic.otf */,
				407326162336BCAD00900824 /* SF-Pro-Display-HeavyItalic.otf */,
				407326172336BCAD00900824 /* SF-Pro-Display-Ultralight.otf */,
				407326182336BCAD00900824 /* SF-Pro-Display-UltralightItalic.otf */,
				407326192336BCAD00900824 /* SF-Pro-Display-LightItalic.otf */,
				4073261A2336BCAD00900824 /* SF-Pro-Display-BlackItalic.otf */,
				4073261B2336BCAD00900824 /* SF-Pro-Display-Black.otf */,
				4073261C2336BCAD00900824 /* SF-Pro-Text-BoldItalic.otf */,
				4073261D2336BCAD00900824 /* SF-Pro-Text-RegularItalic.otf */,
				4073261E2336BCAD00900824 /* SF-Pro-Text-Semibold.otf */,
				4073261F2336BCAD00900824 /* SF-Pro-Text-HeavyItalic.otf */,
				407326202336BCAD00900824 /* SF-Pro-Display-ThinItalic.otf */,
				407326212336BCAD00900824 /* SF-Pro-Text-LightItalic.otf */,
				407326222336BCAD00900824 /* SF-Pro-Text-Medium.otf */,
				407326232336BCAD00900824 /* SF-Pro-Display-BoldItalic.otf */,
				407326242336BCAD00900824 /* SF-Pro-Text-SemiboldItalic.otf */,
			);
			path = "SF Pro";
			sourceTree = "<group>";
		};
		40CE26B72335E7FA002DAED2 = {
			isa = PBXGroup;
			children = (
				40CE26C22335E7FA002DAED2 /* ProvINS */,
				40CE26C12335E7FA002DAED2 /* Products */,
				5D07EC451E03666CA706366F /* Pods */,
				7351456C93C57D3881C089CB /* Frameworks */,
			);
			sourceTree = "<group>";
		};
		40CE26C12335E7FA002DAED2 /* Products */ = {
			isa = PBXGroup;
			children = (
				40CE26C02335E7FA002DAED2 /* ProvINS.app */,
			);
			name = Products;
			sourceTree = "<group>";
		};
		40CE26C22335E7FA002DAED2 /* ProvINS */ = {
			isa = PBXGroup;
			children = (
				406127DF23373F4C0056C293 /* Animations */,
				407326052336BCAD00900824 /* Fonts */,
				40451D2523369D6C004C6570 /* MLModel */,
				40CE26D62335E82C002DAED2 /* Helpers */,
				40CE26D82335E88A002DAED2 /* Model */,
				40CE26D52335E823002DAED2 /* Controller */,
				40CE26D72335E83F002DAED2 /* Views */,
				40CE26DD2335F03E002DAED2 /* Network */,
				40CE26CA2335E7FC002DAED2 /* Assets.xcassets */,
				40CE26CF2335E7FC002DAED2 /* Info.plist */,
			);
			path = ProvINS;
			sourceTree = "<group>";
		};
		40CE26D52335E823002DAED2 /* Controller */ = {
			isa = PBXGroup;
			children = (
				406127EE23376D510056C293 /* Test ViewControllers */,
				406127EF23376D640056C293 /* Reg ViewControllers */,
				406127F023376D870056C293 /* Main ViewControllers */,
			);
			path = Controller;
			sourceTree = "<group>";
		};
		40CE26D62335E82C002DAED2 /* Helpers */ = {
			isa = PBXGroup;
			children = (
				40CE26C32335E7FA002DAED2 /* AppDelegate.swift */,
				40CE26E02335F2E7002DAED2 /* ProvinsError.swift */,
				40451D2823369FB1004C6570 /* BoundingBoxView.swift */,
				40451D2C2336A0B6004C6570 /* VideoCapture.swift */,
				407326432336CB6800900824 /* Helper+Extensions.swift */,
				407326472337193400900824 /* Private+variables.swift */,
				4073264923371D2F00900824 /* ProvinsAlertViewController.swift */,
			);
			path = Helpers;
			sourceTree = "<group>";
		};
		40CE26D72335E83F002DAED2 /* Views */ = {
			isa = PBXGroup;
			children = (
				40CE26C72335E7FA002DAED2 /* Main.storyboard */,
				40CE26CC2335E7FC002DAED2 /* LaunchScreen.storyboard */,
			);
			path = Views;
			sourceTree = "<group>";
		};
		40CE26D82335E88A002DAED2 /* Model */ = {
			isa = PBXGroup;
			children = (
				40CE26D92335EB7A002DAED2 /* UserModel.swift */,
				40CE26DB2335EC29002DAED2 /* CardModel.swift */,
			);
			path = Model;
			sourceTree = "<group>";
		};
		40CE26DD2335F03E002DAED2 /* Network */ = {
			isa = PBXGroup;
			children = (
				40CE26DE2335F0AB002DAED2 /* ServerCall.swift */,
				40CE26E22335F2FE002DAED2 /* SignUpService.swift */,
				40CE26E42335F316002DAED2 /* loginService.swift */,
				40CE26E62335F31F002DAED2 /* CardService.swift */,
			);
			path = Network;
			sourceTree = "<group>";
		};
		5D07EC451E03666CA706366F /* Pods */ = {
			isa = PBXGroup;
			children = (
				CF2A02DFFB96DD5E04467F63 /* Pods-ProvINS.debug.xcconfig */,
				4EAFBAF0EB362545A0AD1BDE /* Pods-ProvINS.release.xcconfig */,
			);
			path = Pods;
			sourceTree = "<group>";
		};
		7351456C93C57D3881C089CB /* Frameworks */ = {
			isa = PBXGroup;
			children = (
				0209769C9D8FB882BD0760CA /* Pods_ProvINS.framework */,
			);
			name = Frameworks;
			sourceTree = "<group>";
		};
/* End PBXGroup section */

/* Begin PBXNativeTarget section */
		40CE26BF2335E7FA002DAED2 /* ProvINS */ = {
			isa = PBXNativeTarget;
			buildConfigurationList = 40CE26D22335E7FC002DAED2 /* Build configuration list for PBXNativeTarget "ProvINS" */;
			buildPhases = (
				FE1C03956BC52CAE1947A304 /* [CP] Check Pods Manifest.lock */,
				40CE26BC2335E7FA002DAED2 /* Sources */,
				40CE26BD2335E7FA002DAED2 /* Frameworks */,
				40CE26BE2335E7FA002DAED2 /* Resources */,
				489E9F84D990C7024D855908 /* [CP] Embed Pods Frameworks */,
			);
			buildRules = (
			);
			dependencies = (
			);
			name = ProvINS;
			productName = ProvINS;
			productReference = 40CE26C02335E7FA002DAED2 /* ProvINS.app */;
			productType = "com.apple.product-type.application";
		};
/* End PBXNativeTarget section */

/* Begin PBXProject section */
		40CE26B82335E7FA002DAED2 /* Project object */ = {
			isa = PBXProject;
			attributes = {
				LastSwiftUpdateCheck = 1030;
				LastUpgradeCheck = 1030;
				ORGANIZATIONNAME = "Sarvad shetty";
				TargetAttributes = {
					40CE26BF2335E7FA002DAED2 = {
						CreatedOnToolsVersion = 10.3;
					};
				};
			};
			buildConfigurationList = 40CE26BB2335E7FA002DAED2 /* Build configuration list for PBXProject "ProvINS" */;
			compatibilityVersion = "Xcode 9.3";
			developmentRegion = en;
			hasScannedForEncodings = 0;
			knownRegions = (
				en,
				Base,
			);
			mainGroup = 40CE26B72335E7FA002DAED2;
			productRefGroup = 40CE26C12335E7FA002DAED2 /* Products */;
			projectDirPath = "";
			projectRoot = "";
			targets = (
				40CE26BF2335E7FA002DAED2 /* ProvINS */,
			);
		};
/* End PBXProject section */

/* Begin PBXResourcesBuildPhase section */
		40CE26BE2335E7FA002DAED2 /* Resources */ = {
			isa = PBXResourcesBuildPhase;
			buildActionMask = 2147483647;
			files = (
				407326362336BCAD00900824 /* SF-Pro-Display-UltralightItalic.otf in Resources */,
				4073262D2336BCAD00900824 /* SF-Pro-Display-Medium.otf in Resources */,
				406127E9233762750056C293 /* data.json in Resources */,
				4073263B2336BCAD00900824 /* SF-Pro-Text-RegularItalic.otf in Resources */,
				4073262B2336BCAD00900824 /* SF-Pro-Text-MediumItalic.otf in Resources */,
				4073263A2336BCAD00900824 /* SF-Pro-Text-BoldItalic.otf in Resources */,
				407326252336BCAD00900824 /* SF-Pro-Display-Thin.otf in Resources */,
				4073265023372AAB00900824 /* Montserrat-Light.ttf in Resources */,
				4073263C2336BCAD00900824 /* SF-Pro-Text-Semibold.otf in Resources */,
				407326272336BCAD00900824 /* SF-Pro-Text-Heavy.otf in Resources */,
				407326342336BCAD00900824 /* SF-Pro-Display-HeavyItalic.otf in Resources */,
				407326332336BCAD00900824 /* SF-Pro-Display-MediumItalic.otf in Resources */,
				4073263F2336BCAD00900824 /* SF-Pro-Text-LightItalic.otf in Resources */,
				407326282336BCAD00900824 /* SF-Pro-Display-RegularItalic.otf in Resources */,
				4073263D2336BCAD00900824 /* SF-Pro-Text-HeavyItalic.otf in Resources */,
				407326402336BCAD00900824 /* SF-Pro-Text-Medium.otf in Resources */,
				407326372336BCAD00900824 /* SF-Pro-Display-LightItalic.otf in Resources */,
				4073265323372AAB00900824 /* Montserrat-Italic.ttf in Resources */,
				407326382336BCAD00900824 /* SF-Pro-Display-BlackItalic.otf in Resources */,
				407326352336BCAD00900824 /* SF-Pro-Display-Ultralight.otf in Resources */,
				4073265123372AAB00900824 /* Montserrat-Bold.ttf in Resources */,
				407326392336BCAD00900824 /* SF-Pro-Display-Black.otf in Resources */,
				4073265223372AAB00900824 /* Montserrat-Regular.ttf in Resources */,
				407326412336BCAD00900824 /* SF-Pro-Display-BoldItalic.otf in Resources */,
				407326422336BCAD00900824 /* SF-Pro-Text-SemiboldItalic.otf in Resources */,
				40CE26CE2335E7FC002DAED2 /* LaunchScreen.storyboard in Resources */,
				407326312336BCAD00900824 /* SF-Pro-Text-Regular.otf in Resources */,
				40CE26CB2335E7FC002DAED2 /* Assets.xcassets in Resources */,
				4073262E2336BCAD00900824 /* SF-Pro-Display-Heavy.otf in Resources */,
				407326322336BCAD00900824 /* SF-Pro-Text-Bold.otf in Resources */,
				40CE26C92335E7FA002DAED2 /* Main.storyboard in Resources */,
				4073265423372AAB00900824 /* Montserrat-SemiBold.ttf in Resources */,
				407326292336BCAD00900824 /* SF-Pro-Display-Light.otf in Resources */,
				4073262A2336BCAD00900824 /* SF-Pro-Display-Regular.otf in Resources */,
				407326262336BCAD00900824 /* SF-Pro-Display-SemiboldItalic.otf in Resources */,
				407326302336BCAD00900824 /* SF-Pro-Display-Semibold.otf in Resources */,
				4073262F2336BCAD00900824 /* SF-Pro-Text-Light.otf in Resources */,
				4073263E2336BCAD00900824 /* SF-Pro-Display-ThinItalic.otf in Resources */,
				4073262C2336BCAD00900824 /* SF-Pro-Display-Bold.otf in Resources */,
			);
			runOnlyForDeploymentPostprocessing = 0;
		};
/* End PBXResourcesBuildPhase section */

/* Begin PBXShellScriptBuildPhase section */
		489E9F84D990C7024D855908 /* [CP] Embed Pods Frameworks */ = {
			isa = PBXShellScriptBuildPhase;
			buildActionMask = 2147483647;
			files = (
			);
			inputFileListPaths = (
			);
			inputPaths = (
				"${PODS_ROOT}/Target Support Files/Pods-ProvINS/Pods-ProvINS-frameworks.sh",
				"${BUILT_PRODUCTS_DIR}/AWSCore/AWSCore.framework",
				"${BUILT_PRODUCTS_DIR}/Alamofire/Alamofire.framework",
				"${BUILT_PRODUCTS_DIR}/MMLanScan/MMLanScan.framework",
				"${BUILT_PRODUCTS_DIR}/SwiftyJSON/SwiftyJSON.framework",
				"${BUILT_PRODUCTS_DIR}/lottie-ios/Lottie.framework",
			);
			name = "[CP] Embed Pods Frameworks";
			outputFileListPaths = (
			);
			outputPaths = (
				"${TARGET_BUILD_DIR}/${FRAMEWORKS_FOLDER_PATH}/AWSCore.framework",
				"${TARGET_BUILD_DIR}/${FRAMEWORKS_FOLDER_PATH}/Alamofire.framework",
				"${TARGET_BUILD_DIR}/${FRAMEWORKS_FOLDER_PATH}/MMLanScan.framework",
				"${TARGET_BUILD_DIR}/${FRAMEWORKS_FOLDER_PATH}/SwiftyJSON.framework",
				"${TARGET_BUILD_DIR}/${FRAMEWORKS_FOLDER_PATH}/Lottie.framework",
			);
			runOnlyForDeploymentPostprocessing = 0;
			shellPath = /bin/sh;
			shellScript = "\"${PODS_ROOT}/Target Support Files/Pods-ProvINS/Pods-ProvINS-frameworks.sh\"\n";
			showEnvVarsInLog = 0;
		};
		FE1C03956BC52CAE1947A304 /* [CP] Check Pods Manifest.lock */ = {
			isa = PBXShellScriptBuildPhase;
			buildActionMask = 2147483647;
			files = (
			);
			inputFileListPaths = (
			);
			inputPaths = (
				"${PODS_PODFILE_DIR_PATH}/Podfile.lock",
				"${PODS_ROOT}/Manifest.lock",
			);
			name = "[CP] Check Pods Manifest.lock";
			outputFileListPaths = (
			);
			outputPaths = (
				"$(DERIVED_FILE_DIR)/Pods-ProvINS-checkManifestLockResult.txt",
			);
			runOnlyForDeploymentPostprocessing = 0;
			shellPath = /bin/sh;
			shellScript = "diff \"${PODS_PODFILE_DIR_PATH}/Podfile.lock\" \"${PODS_ROOT}/Manifest.lock\" > /dev/null\nif [ $? != 0 ] ; then\n    # print error to STDERR\n    echo \"error: The sandbox is not in sync with the Podfile.lock. Run 'pod install' or update your CocoaPods installation.\" >&2\n    exit 1\nfi\n# This output is used by Xcode 'outputs' to avoid re-running this script phase.\necho \"SUCCESS\" > \"${SCRIPT_OUTPUT_FILE_0}\"\n";
			showEnvVarsInLog = 0;
		};
/* End PBXShellScriptBuildPhase section */

/* Begin PBXSourcesBuildPhase section */
		40CE26BC2335E7FA002DAED2 /* Sources */ = {
			isa = PBXSourcesBuildPhase;
			buildActionMask = 2147483647;
			files = (
				40451D2F2336B6AD004C6570 /* loginViewController.swift in Sources */,
				40CE26DA2335EB7A002DAED2 /* UserModel.swift in Sources */,
				40CE26E32335F2FE002DAED2 /* SignUpService.swift in Sources */,
				40451D2923369FB1004C6570 /* BoundingBoxView.swift in Sources */,
				40CE26E923364084002DAED2 /* testNSViewController.swift in Sources */,
				40451D2D2336A0B6004C6570 /* VideoCapture.swift in Sources */,
				40CE26C42335E7FA002DAED2 /* AppDelegate.swift in Sources */,
				406127E3233746310056C293 /* testlottieViewController.swift in Sources */,
				40CE26E52335F316002DAED2 /* loginService.swift in Sources */,
				4073264A23371D2F00900824 /* ProvinsAlertViewController.swift in Sources */,
				406127F22337771D0056C293 /* WifiViewController.swift in Sources */,
				406127FA23377FCB0056C293 /* BluetoothTableViewCell.swift in Sources */,
				406127F4233777290056C293 /* CameraViewController.swift in Sources */,
				406127F823377FB30056C293 /* WifiTableViewCell.swift in Sources */,
				40CE26DF2335F0AB002DAED2 /* ServerCall.swift in Sources */,
				40CE26E12335F2E7002DAED2 /* ProvinsError.swift in Sources */,
				407326462336EA1D00900824 /* SignUpViewController.swift in Sources */,
				407326482337193400900824 /* Private+variables.swift in Sources */,
				406127F6233777340056C293 /* BluetoothViewController.swift in Sources */,
				40CE26DC2335EC29002DAED2 /* CardModel.swift in Sources */,
				406127E523375D4C0056C293 /* HomeViewController.swift in Sources */,
				40451D2B2336A091004C6570 /* MobileNetV2_SSDLite.mlmodel in Sources */,
				40C4F18B233693A700FFD40E /* testCoreMLViewController.swift in Sources */,
				40CE26E72335F31F002DAED2 /* CardService.swift in Sources */,
				407326442336CB6800900824 /* Helper+Extensions.swift in Sources */,
			);
			runOnlyForDeploymentPostprocessing = 0;
		};
/* End PBXSourcesBuildPhase section */

/* Begin PBXVariantGroup section */
		40CE26C72335E7FA002DAED2 /* Main.storyboard */ = {
			isa = PBXVariantGroup;
			children = (
				40CE26C82335E7FA002DAED2 /* Base */,
			);
			name = Main.storyboard;
			sourceTree = "<group>";
		};
		40CE26CC2335E7FC002DAED2 /* LaunchScreen.storyboard */ = {
			isa = PBXVariantGroup;
			children = (
				40CE26CD2335E7FC002DAED2 /* Base */,
			);
			name = LaunchScreen.storyboard;
			sourceTree = "<group>";
		};
/* End PBXVariantGroup section */

/* Begin XCBuildConfiguration section */
		40CE26D02335E7FC002DAED2 /* Debug */ = {
			isa = XCBuildConfiguration;
			buildSettings = {
				ALWAYS_SEARCH_USER_PATHS = NO;
				CLANG_ANALYZER_NONNULL = YES;
				CLANG_ANALYZER_NUMBER_OBJECT_CONVERSION = YES_AGGRESSIVE;
				CLANG_CXX_LANGUAGE_STANDARD = "gnu++14";
				CLANG_CXX_LIBRARY = "libc++";
				CLANG_ENABLE_MODULES = YES;
				CLANG_ENABLE_OBJC_ARC = YES;
				CLANG_ENABLE_OBJC_WEAK = YES;
				CLANG_WARN_BLOCK_CAPTURE_AUTORELEASING = YES;
				CLANG_WARN_BOOL_CONVERSION = YES;
				CLANG_WARN_COMMA = YES;
				CLANG_WARN_CONSTANT_CONVERSION = YES;
				CLANG_WARN_DEPRECATED_OBJC_IMPLEMENTATIONS = YES;
				CLANG_WARN_DIRECT_OBJC_ISA_USAGE = YES_ERROR;
				CLANG_WARN_DOCUMENTATION_COMMENTS = YES;
				CLANG_WARN_EMPTY_BODY = YES;
				CLANG_WARN_ENUM_CONVERSION = YES;
				CLANG_WARN_INFINITE_RECURSION = YES;
				CLANG_WARN_INT_CONVERSION = YES;
				CLANG_WARN_NON_LITERAL_NULL_CONVERSION = YES;
				CLANG_WARN_OBJC_IMPLICIT_RETAIN_SELF = YES;
				CLANG_WARN_OBJC_LITERAL_CONVERSION = YES;
				CLANG_WARN_OBJC_ROOT_CLASS = YES_ERROR;
				CLANG_WARN_RANGE_LOOP_ANALYSIS = YES;
				CLANG_WARN_STRICT_PROTOTYPES = YES;
				CLANG_WARN_SUSPICIOUS_MOVE = YES;
				CLANG_WARN_UNGUARDED_AVAILABILITY = YES_AGGRESSIVE;
				CLANG_WARN_UNREACHABLE_CODE = YES;
				CLANG_WARN__DUPLICATE_METHOD_MATCH = YES;
				CODE_SIGN_IDENTITY = "iPhone Developer";
				COPY_PHASE_STRIP = NO;
				DEBUG_INFORMATION_FORMAT = dwarf;
				ENABLE_STRICT_OBJC_MSGSEND = YES;
				ENABLE_TESTABILITY = YES;
				GCC_C_LANGUAGE_STANDARD = gnu11;
				GCC_DYNAMIC_NO_PIC = NO;
				GCC_NO_COMMON_BLOCKS = YES;
				GCC_OPTIMIZATION_LEVEL = 0;
				GCC_PREPROCESSOR_DEFINITIONS = (
					"DEBUG=1",
					"$(inherited)",
				);
				GCC_WARN_64_TO_32_BIT_CONVERSION = YES;
				GCC_WARN_ABOUT_RETURN_TYPE = YES_ERROR;
				GCC_WARN_UNDECLARED_SELECTOR = YES;
				GCC_WARN_UNINITIALIZED_AUTOS = YES_AGGRESSIVE;
				GCC_WARN_UNUSED_FUNCTION = YES;
				GCC_WARN_UNUSED_VARIABLE = YES;
				IPHONEOS_DEPLOYMENT_TARGET = 12.4;
				MTL_ENABLE_DEBUG_INFO = INCLUDE_SOURCE;
				MTL_FAST_MATH = YES;
				ONLY_ACTIVE_ARCH = YES;
				SDKROOT = iphoneos;
				SWIFT_ACTIVE_COMPILATION_CONDITIONS = DEBUG;
				SWIFT_OPTIMIZATION_LEVEL = "-Onone";
			};
			name = Debug;
		};
		40CE26D12335E7FC002DAED2 /* Release */ = {
			isa = XCBuildConfiguration;
			buildSettings = {
				ALWAYS_SEARCH_USER_PATHS = NO;
				CLANG_ANALYZER_NONNULL = YES;
				CLANG_ANALYZER_NUMBER_OBJECT_CONVERSION = YES_AGGRESSIVE;
				CLANG_CXX_LANGUAGE_STANDARD = "gnu++14";
				CLANG_CXX_LIBRARY = "libc++";
				CLANG_ENABLE_MODULES = YES;
				CLANG_ENABLE_OBJC_ARC = YES;
				CLANG_ENABLE_OBJC_WEAK = YES;
				CLANG_WARN_BLOCK_CAPTURE_AUTORELEASING = YES;
				CLANG_WARN_BOOL_CONVERSION = YES;
				CLANG_WARN_COMMA = YES;
				CLANG_WARN_CONSTANT_CONVERSION = YES;
				CLANG_WARN_DEPRECATED_OBJC_IMPLEMENTATIONS = YES;
				CLANG_WARN_DIRECT_OBJC_ISA_USAGE = YES_ERROR;
				CLANG_WARN_DOCUMENTATION_COMMENTS = YES;
				CLANG_WARN_EMPTY_BODY = YES;
				CLANG_WARN_ENUM_CONVERSION = YES;
				CLANG_WARN_INFINITE_RECURSION = YES;
				CLANG_WARN_INT_CONVERSION = YES;
				CLANG_WARN_NON_LITERAL_NULL_CONVERSION = YES;
				CLANG_WARN_OBJC_IMPLICIT_RETAIN_SELF = YES;
				CLANG_WARN_OBJC_LITERAL_CONVERSION = YES;
				CLANG_WARN_OBJC_ROOT_CLASS = YES_ERROR;
				CLANG_WARN_RANGE_LOOP_ANALYSIS = YES;
				CLANG_WARN_STRICT_PROTOTYPES = YES;
				CLANG_WARN_SUSPICIOUS_MOVE = YES;
				CLANG_WARN_UNGUARDED_AVAILABILITY = YES_AGGRESSIVE;
				CLANG_WARN_UNREACHABLE_CODE = YES;
				CLANG_WARN__DUPLICATE_METHOD_MATCH = YES;
				CODE_SIGN_IDENTITY = "iPhone Developer";
				COPY_PHASE_STRIP = NO;
				DEBUG_INFORMATION_FORMAT = "dwarf-with-dsym";
				ENABLE_NS_ASSERTIONS = NO;
				ENABLE_STRICT_OBJC_MSGSEND = YES;
				GCC_C_LANGUAGE_STANDARD = gnu11;
				GCC_NO_COMMON_BLOCKS = YES;
				GCC_WARN_64_TO_32_BIT_CONVERSION = YES;
				GCC_WARN_ABOUT_RETURN_TYPE = YES_ERROR;
				GCC_WARN_UNDECLARED_SELECTOR = YES;
				GCC_WARN_UNINITIALIZED_AUTOS = YES_AGGRESSIVE;
				GCC_WARN_UNUSED_FUNCTION = YES;
				GCC_WARN_UNUSED_VARIABLE = YES;
				IPHONEOS_DEPLOYMENT_TARGET = 12.4;
				MTL_ENABLE_DEBUG_INFO = NO;
				MTL_FAST_MATH = YES;
				SDKROOT = iphoneos;
				SWIFT_COMPILATION_MODE = wholemodule;
				SWIFT_OPTIMIZATION_LEVEL = "-O";
				VALIDATE_PRODUCT = YES;
			};
			name = Release;
		};
		40CE26D32335E7FC002DAED2 /* Debug */ = {
			isa = XCBuildConfiguration;
			baseConfigurationReference = CF2A02DFFB96DD5E04467F63 /* Pods-ProvINS.debug.xcconfig */;
			buildSettings = {
				ASSETCATALOG_COMPILER_APPICON_NAME = AppIcon;
				CODE_SIGN_STYLE = Automatic;
				DEVELOPMENT_TEAM = N4FDL334LZ;
				INFOPLIST_FILE = ProvINS/Info.plist;
				LD_RUNPATH_SEARCH_PATHS = (
					"$(inherited)",
					"@executable_path/Frameworks",
				);
				PRODUCT_BUNDLE_IDENTIFIER = "Sarvad-Shetty.ProvINS";
				PRODUCT_NAME = "$(TARGET_NAME)";
				SWIFT_VERSION = 5.0;
				TARGETED_DEVICE_FAMILY = 1;
			};
			name = Debug;
		};
		40CE26D42335E7FC002DAED2 /* Release */ = {
			isa = XCBuildConfiguration;
			baseConfigurationReference = 4EAFBAF0EB362545A0AD1BDE /* Pods-ProvINS.release.xcconfig */;
			buildSettings = {
				ASSETCATALOG_COMPILER_APPICON_NAME = AppIcon;
				CODE_SIGN_STYLE = Automatic;
				DEVELOPMENT_TEAM = N4FDL334LZ;
				INFOPLIST_FILE = ProvINS/Info.plist;
				LD_RUNPATH_SEARCH_PATHS = (
					"$(inherited)",
					"@executable_path/Frameworks",
				);
				PRODUCT_BUNDLE_IDENTIFIER = "Sarvad-Shetty.ProvINS";
				PRODUCT_NAME = "$(TARGET_NAME)";
				SWIFT_VERSION = 5.0;
				TARGETED_DEVICE_FAMILY = 1;
			};
			name = Release;
		};
/* End XCBuildConfiguration section */

/* Begin XCConfigurationList section */
		40CE26BB2335E7FA002DAED2 /* Build configuration list for PBXProject "ProvINS" */ = {
			isa = XCConfigurationList;
			buildConfigurations = (
				40CE26D02335E7FC002DAED2 /* Debug */,
				40CE26D12335E7FC002DAED2 /* Release */,
			);
			defaultConfigurationIsVisible = 0;
			defaultConfigurationName = Release;
		};
		40CE26D22335E7FC002DAED2 /* Build configuration list for PBXNativeTarget "ProvINS" */ = {
			isa = XCConfigurationList;
			buildConfigurations = (
				40CE26D32335E7FC002DAED2 /* Debug */,
				40CE26D42335E7FC002DAED2 /* Release */,
			);
			defaultConfigurationIsVisible = 0;
			defaultConfigurationName = Release;
		};
/* End XCConfigurationList section */
	};
	rootObject = 40CE26B82335E7FA002DAED2 /* Project object */;
}
